
Microsoft Visual Studio Solution File, Format Version 12.00
# Visual Studio Version 17
VisualStudioVersion = 17.5.33516.290
MinimumVisualStudioVersion = 10.0.40219.1
Project("{9A19103F-16F7-4668-BE54-9A1E7A4F7556}") = "BFR.API", "BFR.API\BFR.API.csproj", "{EEA3ADF8-CF72-47A1-A1A8-CE7F3700CD4A}"
EndProject
Project("{9A19103F-16F7-4668-BE54-9A1E7A4F7556}") = "BFR.Database", "BFR.Database\BFR.Database.csproj", "{376E344F-04F6-4C6D-A6A9-C79E52CFD19B}"
EndProject
Project("{9A19103F-16F7-4668-BE54-9A1E7A4F7556}") = "BFR.Shared", "BFR.Shared\BFR.Shared.csproj", "{00E0806A-A786-40EE-987B-1C87309A01C6}"
EndProject
Project("{9A19103F-16F7-4668-BE54-9A1E7A4F7556}") = "BFR.Mapping", "BFR.Mapping\BFR.Mapping.csproj", "{E26E4662-94C6-4DE3-8EB6-49839CD5C27B}"
EndProject
Project("{9A19103F-16F7-4668-BE54-9A1E7A4F7556}") = "BFR.Core", "BFR.Core\BFR.Core.csproj", "{C85386A5-ACB5-4936-BC69-873E512C54EB}"
EndProject
Global
	GlobalSection(SolutionConfigurationPlatforms) = preSolution
		Debug|Any CPU = Debug|Any CPU
		Release|Any CPU = Release|Any CPU
	EndGlobalSection
	GlobalSection(ProjectConfigurationPlatforms) = postSolution
		{EEA3ADF8-CF72-47A1-A1A8-CE7F3700CD4A}.Debug|Any CPU.ActiveCfg = Debug|Any CPU
		{EEA3ADF8-CF72-47A1-A1A8-CE7F3700CD4A}.Debug|Any CPU.Build.0 = Debug|Any CPU
		{EEA3ADF8-CF72-47A1-A1A8-CE7F3700CD4A}.Release|Any CPU.ActiveCfg = Release|Any CPU
		{EEA3ADF8-CF72-47A1-A1A8-CE7F3700CD4A}.Release|Any CPU.Build.0 = Release|Any CPU
		{376E344F-04F6-4C6D-A6A9-C79E52CFD19B}.Debug|Any CPU.ActiveCfg = Debug|Any CPU
		{376E344F-04F6-4C6D-A6A9-C79E52CFD19B}.Debug|Any CPU.Build.0 = Debug|Any CPU
		{376E344F-04F6-4C6D-A6A9-C79E52CFD19B}.Release|Any CPU.ActiveCfg = Release|Any CPU
		{376E344F-04F6-4C6D-A6A9-C79E52CFD19B}.Release|Any CPU.Build.0 = Release|Any CPU
		{00E0806A-A786-40EE-987B-1C87309A01C6}.Debug|Any CPU.ActiveCfg = Debug|Any CPU
		{00E0806A-A786-40EE-987B-1C87309A01C6}.Debug|Any CPU.Build.0 = Debug|Any CPU
		{00E0806A-A786-40EE-987B-1C87309A01C6}.Release|Any CPU.ActiveCfg = Release|Any CPU
		{00E0806A-A786-40EE-987B-1C87309A01C6}.Release|Any CPU.Build.0 = Release|Any CPU
		{E26E4662-94C6-4DE3-8EB6-49839CD5C27B}.Debug|Any CPU.ActiveCfg = Debug|Any CPU
		{E26E4662-94C6-4DE3-8EB6-49839CD5C27B}.Debug|Any CPU.Build.0 = Debug|Any CPU
		{E26E4662-94C6-4DE3-8EB6-49839CD5C27B}.Release|Any CPU.ActiveCfg = Release|Any CPU
		{E26E4662-94C6-4DE3-8EB6-49839CD5C27B}.Release|Any CPU.Build.0 = Release|Any CPU
		{C85386A5-ACB5-4936-BC69-873E512C54EB}.Debug|Any CPU.ActiveCfg = Debug|Any CPU
		{C85386A5-ACB5-4936-BC69-873E512C54EB}.Debug|Any CPU.Build.0 = Debug|Any CPU
		{C85386A5-ACB5-4936-BC69-873E512C54EB}.Release|Any CPU.ActiveCfg = Release|Any CPU
		{C85386A5-ACB5-4936-BC69-873E512C54EB}.Release|Any CPU.Build.0 = Release|Any CPU
	EndGlobalSection
	GlobalSection(SolutionProperties) = preSolution
		HideSolutionNode = FALSE
	EndGlobalSection
	GlobalSection(ExtensibilityGlobals) = postSolution
		SolutionGuid = {A122C9C8-08D1-449F-8F09-DCD8DD9E563F}
	EndGlobalSection
EndGlobal
